
Microsoft Visual Studio Solution File, Format Version 12.00
# Visual Studio Version 16
VisualStudioVersion = 16.0.31605.320
MinimumVisualStudioVersion = 10.0.40219.1
Project("{FAE04EC0-301F-11D3-BF4B-00C04F79EFBC}") = "DiscGolfRepository", "DiscGolfRepository\DiscGolfRepository.csproj", "{BAC468FA-17D2-4BDB-BAAF-7E9D60A3032C}"
EndProject
Global
	GlobalSection(SolutionConfigurationPlatforms) = preSolution
		Debug|Any CPU = Debug|Any CPU
		Release|Any CPU = Release|Any CPU
	EndGlobalSection
	GlobalSection(ProjectConfigurationPlatforms) = postSolution
		{BAC468FA-17D2-4BDB-BAAF-7E9D60A3032C}.Debug|Any CPU.ActiveCfg = Debug|Any CPU
		{BAC468FA-17D2-4BDB-BAAF-7E9D60A3032C}.Debug|Any CPU.Build.0 = Debug|Any CPU
		{BAC468FA-17D2-4BDB-BAAF-7E9D60A3032C}.Release|Any CPU.ActiveCfg = Release|Any CPU
		{BAC468FA-17D2-4BDB-BAAF-7E9D60A3032C}.Release|Any CPU.Build.0 = Release|Any CPU
	EndGlobalSection
	GlobalSection(SolutionProperties) = preSolution
		HideSolutionNode = FALSE
	EndGlobalSection
	GlobalSection(ExtensibilityGlobals) = postSolution
		SolutionGuid = {2622F2FB-8DEE-4C1C-AD8C-B3BDF07085A4}
	EndGlobalSection
EndGlobal
